
Microsoft Visual Studio Solution File, Format Version 12.00
# Visual Studio Version 17
VisualStudioVersion = 17.11.35327.3
MinimumVisualStudioVersion = 10.0.40219.1
Project("{FAE04EC0-301F-11D3-BF4B-00C04F79EFBC}") = "RentaCar.Ocelot.Gateway", "RentaCar.Ocelot.Gateway.csproj", "{2C9346FE-E640-4D41-AD56-C213BB5DF5BF}"
EndProject
Global
	GlobalSection(SolutionConfigurationPlatforms) = preSolution
		Debug|Any CPU = Debug|Any CPU
		Release|Any CPU = Release|Any CPU
	EndGlobalSection
	GlobalSection(ProjectConfigurationPlatforms) = postSolution
		{2C9346FE-E640-4D41-AD56-C213BB5DF5BF}.Debug|Any CPU.ActiveCfg = Debug|Any CPU
		{2C9346FE-E640-4D41-AD56-C213BB5DF5BF}.Debug|Any CPU.Build.0 = Debug|Any CPU
		{2C9346FE-E640-4D41-AD56-C213BB5DF5BF}.Release|Any CPU.ActiveCfg = Release|Any CPU
		{2C9346FE-E640-4D41-AD56-C213BB5DF5BF}.Release|Any CPU.Build.0 = Release|Any CPU
	EndGlobalSection
	GlobalSection(SolutionProperties) = preSolution
		HideSolutionNode = FALSE
	EndGlobalSection
	GlobalSection(ExtensibilityGlobals) = postSolution
		SolutionGuid = {46F845B6-A423-4C66-9360-BD2183B2E09B}
	EndGlobalSection
EndGlobal
